hash: 7d69ab60677d428143762a0c082782a1e537bc79ea867afb281f4e118dae465c
updated: 2017-05-08T09:31:37.790025-07:00
imports:
- name: github.com/davecgh/go-spew
  version: 6d212800a42e8ab5c146b8ace3490ee17e5225f9
  subpackages:
  - spew
- name: github.com/pmezard/go-difflib
  version: d8ed2627bdf02c080bf22230dbb337003b7aba2d
  subpackages:
  - difflib
- name: github.com/shopspring/decimal
  version: 3526cd0bdb7f64e1178943b7dee81a0cc3d86a69
- name: github.com/stretchr/testify
  version: 69483b4bd14f5845b5a1e55bca19e954e827f1d0
  subpackages:
  - assert
testImports: []
